
Microsoft Visual Studio Solution File, Format Version 12.00
# Visual Studio 14
VisualStudioVersion = 14.0.25420.1
MinimumVisualStudioVersion = 10.0.40219.1
Project("{FAE04EC0-301F-11D3-BF4B-00C04F79EFBC}") = "RandomDice", "RandomDice\RandomDice.csproj", "{49381FCA-F663-407C-85BC-DE58A897705B}"
EndProject
Project("{FAE04EC0-301F-11D3-BF4B-00C04F79EFBC}") = "RandomDiceTests", "RandomDiceTests\RandomDiceTests.csproj", "{39D2A374-2E69-4AD2-A9CF-BA1F12F12500}"
EndProject
Project("{FAE04EC0-301F-11D3-BF4B-00C04F79EFBC}") = "RolePlaySet", "RolePlaySet\RolePlaySet.csproj", "{F7BD3A2A-B241-479A-8B45-E1720C96B561}"
EndProject
Project("{FAE04EC0-301F-11D3-BF4B-00C04F79EFBC}") = "E-RolePlay", "ERolePlay\E-RolePlay.csproj", "{AACC6FD3-068E-4597-A69F-0900FD719C71}"
EndProject
Project("{FAE04EC0-301F-11D3-BF4B-00C04F79EFBC}") = "RolePlayFileBasedStorage", "RolePlayFileBasedStorage\RolePlayFileBasedStorage.csproj", "{9D5F2804-64B4-40AE-B565-0796B1463307}"
EndProject
Project("{FAE04EC0-301F-11D3-BF4B-00C04F79EFBC}") = "RolePlayFileBasedStorageTests", "RolePlayFileBasedStorageTests\RolePlayFileBasedStorageTests.csproj", "{37F823C5-916C-4508-A7AD-C3FB81CF092E}"
EndProject
Project("{FAE04EC0-301F-11D3-BF4B-00C04F79EFBC}") = "RolePlayGUI", "RolePlayGUI\RolePlayGUI.csproj", "{D8E2B4E4-D6C1-4F6D-8F23-3F14ED26B944}"
EndProject
Project("{FAE04EC0-301F-11D3-BF4B-00C04F79EFBC}") = "RolePlaySetTests", "RolePlaySetTests\RolePlaySetTests.csproj", "{3838DEF7-CB81-4EA7-B5A2-7B95DC57AF03}"
EndProject
Project("{FAE04EC0-301F-11D3-BF4B-00C04F79EFBC}") = "RolePlayEntity", "RolePlayEntity\RolePlayEntity.csproj", "{72D2E8DD-85FC-4325-8BFA-37A70E3ABD1C}"
EndProject
Global
	GlobalSection(SolutionConfigurationPlatforms) = preSolution
		Debug|Any CPU = Debug|Any CPU
		Release|Any CPU = Release|Any CPU
	EndGlobalSection
	GlobalSection(ProjectConfigurationPlatforms) = postSolution
		{49381FCA-F663-407C-85BC-DE58A897705B}.Debug|Any CPU.ActiveCfg = Debug|Any CPU
		{49381FCA-F663-407C-85BC-DE58A897705B}.Debug|Any CPU.Build.0 = Debug|Any CPU
		{49381FCA-F663-407C-85BC-DE58A897705B}.Release|Any CPU.ActiveCfg = Release|Any CPU
		{49381FCA-F663-407C-85BC-DE58A897705B}.Release|Any CPU.Build.0 = Release|Any CPU
		{39D2A374-2E69-4AD2-A9CF-BA1F12F12500}.Debug|Any CPU.ActiveCfg = Debug|Any CPU
		{39D2A374-2E69-4AD2-A9CF-BA1F12F12500}.Debug|Any CPU.Build.0 = Debug|Any CPU
		{39D2A374-2E69-4AD2-A9CF-BA1F12F12500}.Release|Any CPU.ActiveCfg = Release|Any CPU
		{39D2A374-2E69-4AD2-A9CF-BA1F12F12500}.Release|Any CPU.Build.0 = Release|Any CPU
		{F7BD3A2A-B241-479A-8B45-E1720C96B561}.Debug|Any CPU.ActiveCfg = Debug|Any CPU
		{F7BD3A2A-B241-479A-8B45-E1720C96B561}.Debug|Any CPU.Build.0 = Debug|Any CPU
		{F7BD3A2A-B241-479A-8B45-E1720C96B561}.Release|Any CPU.ActiveCfg = Release|Any CPU
		{F7BD3A2A-B241-479A-8B45-E1720C96B561}.Release|Any CPU.Build.0 = Release|Any CPU
		{AACC6FD3-068E-4597-A69F-0900FD719C71}.Debug|Any CPU.ActiveCfg = Debug|Any CPU
		{AACC6FD3-068E-4597-A69F-0900FD719C71}.Debug|Any CPU.Build.0 = Debug|Any CPU
		{AACC6FD3-068E-4597-A69F-0900FD719C71}.Release|Any CPU.ActiveCfg = Release|Any CPU
		{AACC6FD3-068E-4597-A69F-0900FD719C71}.Release|Any CPU.Build.0 = Release|Any CPU
		{9D5F2804-64B4-40AE-B565-0796B1463307}.Debug|Any CPU.ActiveCfg = Debug|Any CPU
		{9D5F2804-64B4-40AE-B565-0796B1463307}.Debug|Any CPU.Build.0 = Debug|Any CPU
		{9D5F2804-64B4-40AE-B565-0796B1463307}.Release|Any CPU.ActiveCfg = Release|Any CPU
		{9D5F2804-64B4-40AE-B565-0796B1463307}.Release|Any CPU.Build.0 = Release|Any CPU
		{37F823C5-916C-4508-A7AD-C3FB81CF092E}.Debug|Any CPU.ActiveCfg = Debug|Any CPU
		{37F823C5-916C-4508-A7AD-C3FB81CF092E}.Debug|Any CPU.Build.0 = Debug|Any CPU
		{37F823C5-916C-4508-A7AD-C3FB81CF092E}.Release|Any CPU.ActiveCfg = Release|Any CPU
		{37F823C5-916C-4508-A7AD-C3FB81CF092E}.Release|Any CPU.Build.0 = Release|Any CPU
		{D8E2B4E4-D6C1-4F6D-8F23-3F14ED26B944}.Debug|Any CPU.ActiveCfg = Debug|Any CPU
		{D8E2B4E4-D6C1-4F6D-8F23-3F14ED26B944}.Debug|Any CPU.Build.0 = Debug|Any CPU
		{D8E2B4E4-D6C1-4F6D-8F23-3F14ED26B944}.Release|Any CPU.ActiveCfg = Release|Any CPU
		{D8E2B4E4-D6C1-4F6D-8F23-3F14ED26B944}.Release|Any CPU.Build.0 = Release|Any CPU
		{3838DEF7-CB81-4EA7-B5A2-7B95DC57AF03}.Debug|Any CPU.ActiveCfg = Debug|Any CPU
		{3838DEF7-CB81-4EA7-B5A2-7B95DC57AF03}.Debug|Any CPU.Build.0 = Debug|Any CPU
		{3838DEF7-CB81-4EA7-B5A2-7B95DC57AF03}.Release|Any CPU.ActiveCfg = Release|Any CPU
		{3838DEF7-CB81-4EA7-B5A2-7B95DC57AF03}.Release|Any CPU.Build.0 = Release|Any CPU
		{72D2E8DD-85FC-4325-8BFA-37A70E3ABD1C}.Debug|Any CPU.ActiveCfg = Debug|Any CPU
		{72D2E8DD-85FC-4325-8BFA-37A70E3ABD1C}.Debug|Any CPU.Build.0 = Debug|Any CPU
		{72D2E8DD-85FC-4325-8BFA-37A70E3ABD1C}.Release|Any CPU.ActiveCfg = Release|Any CPU
		{72D2E8DD-85FC-4325-8BFA-37A70E3ABD1C}.Release|Any CPU.Build.0 = Release|Any CPU
	EndGlobalSection
	GlobalSection(SolutionProperties) = preSolution
		HideSolutionNode = FALSE
	EndGlobalSection
EndGlobal
